
Microsoft Visual Studio Solution File, Format Version 12.00
# Visual Studio Version 17
VisualStudioVersion = 17.5.2.0
MinimumVisualStudioVersion = 10.0.40219.1
Project("{FAE04EC0-301F-11D3-BF4B-00C04F79EFBC}") = "OpenSearchIntegrationTests", "OpenSearchIntegrationTests\OpenSearchIntegrationTests.csproj", "{4BA579F6-D989-DE46-EFD1-EE33B4D5E80A}"
EndProject
Project("{FAE04EC0-301F-11D3-BF4B-00C04F79EFBC}") = "AthenaIntegrationTests", "AthenaIntegrationTests\AthenaIntegrationTests.csproj", "{2DE7D58C-0ACF-4822-AD2A-2A189D92756D}"
EndProject
Project("{FAE04EC0-301F-11D3-BF4B-00C04F79EFBC}") = "StepFunctionsIntegrationTests", "StepFunctionsIntegrationTests\StepFunctionsIntegrationTests.csproj", "{B4C96892-EA09-4306-8E7A-F5149B383354}"
EndProject
Project("{FAE04EC0-301F-11D3-BF4B-00C04F79EFBC}") = "DynamoDbIntegrationTests", "DynamoDbIntegrationTests\DynamoDbIntegrationTests.csproj", "{EB3B952B-B107-4E07-B83E-A2C300A0327B}"
EndProject
Global
	GlobalSection(SolutionConfigurationPlatforms) = preSolution
		Debug|Any CPU = Debug|Any CPU
		Debug|x64 = Debug|x64
		Debug|x86 = Debug|x86
		Release|Any CPU = Release|Any CPU
		Release|x64 = Release|x64
		Release|x86 = Release|x86
	EndGlobalSection
	GlobalSection(ProjectConfigurationPlatforms) = postSolution
		{4BA579F6-D989-DE46-EFD1-EE33B4D5E80A}.Debug|Any CPU.ActiveCfg = Debug|Any CPU
		{4BA579F6-D989-DE46-EFD1-EE33B4D5E80A}.Debug|Any CPU.Build.0 = Debug|Any CPU
		{4BA579F6-D989-DE46-EFD1-EE33B4D5E80A}.Debug|x64.ActiveCfg = Debug|Any CPU
		{4BA579F6-D989-DE46-EFD1-EE33B4D5E80A}.Debug|x64.Build.0 = Debug|Any CPU
		{4BA579F6-D989-DE46-EFD1-EE33B4D5E80A}.Debug|x86.ActiveCfg = Debug|Any CPU
		{4BA579F6-D989-DE46-EFD1-EE33B4D5E80A}.Debug|x86.Build.0 = Debug|Any CPU
		{4BA579F6-D989-DE46-EFD1-EE33B4D5E80A}.Release|Any CPU.ActiveCfg = Release|Any CPU
		{4BA579F6-D989-DE46-EFD1-EE33B4D5E80A}.Release|Any CPU.Build.0 = Release|Any CPU
		{4BA579F6-D989-DE46-EFD1-EE33B4D5E80A}.Release|x64.ActiveCfg = Release|Any CPU
		{4BA579F6-D989-DE46-EFD1-EE33B4D5E80A}.Release|x64.Build.0 = Release|Any CPU
		{4BA579F6-D989-DE46-EFD1-EE33B4D5E80A}.Release|x86.ActiveCfg = Release|Any CPU
		{4BA579F6-D989-DE46-EFD1-EE33B4D5E80A}.Release|x86.Build.0 = Release|Any CPU
		{2DE7D58C-0ACF-4822-AD2A-2A189D92756D}.Debug|Any CPU.ActiveCfg = Debug|Any CPU
		{2DE7D58C-0ACF-4822-AD2A-2A189D92756D}.Debug|Any CPU.Build.0 = Debug|Any CPU
		{2DE7D58C-0ACF-4822-AD2A-2A189D92756D}.Debug|x64.ActiveCfg = Debug|Any CPU
		{2DE7D58C-0ACF-4822-AD2A-2A189D92756D}.Debug|x64.Build.0 = Debug|Any CPU
		{2DE7D58C-0ACF-4822-AD2A-2A189D92756D}.Debug|x86.ActiveCfg = Debug|Any CPU
		{2DE7D58C-0ACF-4822-AD2A-2A189D92756D}.Debug|x86.Build.0 = Debug|Any CPU
		{2DE7D58C-0ACF-4822-AD2A-2A189D92756D}.Release|Any CPU.ActiveCfg = Release|Any CPU
		{2DE7D58C-0ACF-4822-AD2A-2A189D92756D}.Release|Any CPU.Build.0 = Release|Any CPU
		{2DE7D58C-0ACF-4822-AD2A-2A189D92756D}.Release|x64.ActiveCfg = Release|Any CPU
		{2DE7D58C-0ACF-4822-AD2A-2A189D92756D}.Release|x64.Build.0 = Release|Any CPU
		{2DE7D58C-0ACF-4822-AD2A-2A189D92756D}.Release|x86.ActiveCfg = Release|Any CPU
		{2DE7D58C-0ACF-4822-AD2A-2A189D92756D}.Release|x86.Build.0 = Release|Any CPU
		{B4C96892-EA09-4306-8E7A-F5149B383354}.Debug|Any CPU.ActiveCfg = Debug|Any CPU
		{B4C96892-EA09-4306-8E7A-F5149B383354}.Debug|Any CPU.Build.0 = Debug|Any CPU
		{B4C96892-EA09-4306-8E7A-F5149B383354}.Debug|x64.ActiveCfg = Debug|Any CPU
		{B4C96892-EA09-4306-8E7A-F5149B383354}.Debug|x64.Build.0 = Debug|Any CPU
		{B4C96892-EA09-4306-8E7A-F5149B383354}.Debug|x86.ActiveCfg = Debug|Any CPU
		{B4C96892-EA09-4306-8E7A-F5149B383354}.Debug|x86.Build.0 = Debug|Any CPU
		{B4C96892-EA09-4306-8E7A-F5149B383354}.Release|Any CPU.ActiveCfg = Release|Any CPU
		{B4C96892-EA09-4306-8E7A-F5149B383354}.Release|Any CPU.Build.0 = Release|Any CPU
		{B4C96892-EA09-4306-8E7A-F5149B383354}.Release|x64.ActiveCfg = Release|Any CPU
		{B4C96892-EA09-4306-8E7A-F5149B383354}.Release|x64.Build.0 = Release|Any CPU
		{B4C96892-EA09-4306-8E7A-F5149B383354}.Release|x86.ActiveCfg = Release|Any CPU
		{B4C96892-EA09-4306-8E7A-F5149B383354}.Release|x86.Build.0 = Release|Any CPU
		{EB3B952B-B107-4E07-B83E-A2C300A0327B}.Debug|Any CPU.ActiveCfg = Debug|Any CPU
		{EB3B952B-B107-4E07-B83E-A2C300A0327B}.Debug|Any CPU.Build.0 = Debug|Any CPU
		{EB3B952B-B107-4E07-B83E-A2C300A0327B}.Debug|x64.ActiveCfg = Debug|Any CPU
		{EB3B952B-B107-4E07-B83E-A2C300A0327B}.Debug|x64.Build.0 = Debug|Any CPU
		{EB3B952B-B107-4E07-B83E-A2C300A0327B}.Debug|x86.ActiveCfg = Debug|Any CPU
		{EB3B952B-B107-4E07-B83E-A2C300A0327B}.Debug|x86.Build.0 = Debug|Any CPU
		{EB3B952B-B107-4E07-B83E-A2C300A0327B}.Release|Any CPU.ActiveCfg = Release|Any CPU
		{EB3B952B-B107-4E07-B83E-A2C300A0327B}.Release|Any CPU.Build.0 = Release|Any CPU
		{EB3B952B-B107-4E07-B83E-A2C300A0327B}.Release|x64.ActiveCfg = Release|Any CPU
		{EB3B952B-B107-4E07-B83E-A2C300A0327B}.Release|x64.Build.0 = Release|Any CPU
		{EB3B952B-B107-4E07-B83E-A2C300A0327B}.Release|x86.ActiveCfg = Release|Any CPU
		{EB3B952B-B107-4E07-B83E-A2C300A0327B}.Release|x86.Build.0 = Release|Any CPU
	EndGlobalSection
	GlobalSection(SolutionProperties) = preSolution
		HideSolutionNode = FALSE
	EndGlobalSection
	GlobalSection(ExtensibilityGlobals) = postSolution
		SolutionGuid = {F2AF4AC4-59D5-4C30-8E81-A734CA87BE4E}
	EndGlobalSection
EndGlobal
